
Microsoft Visual Studio Solution File, Format Version 12.00
# Visual Studio Version 17
VisualStudioVersion = 17.7.34202.233
MinimumVisualStudioVersion = 10.0.40219.1
Project("{9A19103F-16F7-4668-BE54-9A1E7A4F7556}") = "Skeleton.API", "Skeleton.API\Skeleton.API.csproj", "{BE612F4B-E770-47A9-B493-0AB01544EADD}"
EndProject
Project("{9A19103F-16F7-4668-BE54-9A1E7A4F7556}") = "Skeleton.Data", "Skeleton.Data\Skeleton.Data.csproj", "{C53EEBA8-3AAE-4FFD-8DB6-C8F5B041AD35}"
EndProject
Project("{9A19103F-16F7-4668-BE54-9A1E7A4F7556}") = "Skeleton.Business", "Skeleton.Business\Skeleton.Business.csproj", "{963E0F0E-02F1-42EE-8A3A-509E8B46A72B}"
EndProject
Project("{9A19103F-16F7-4668-BE54-9A1E7A4F7556}") = "Skeleton.Core", "Skeleton.Core\Skeleton.Core.csproj", "{05791D6F-79FD-4F43-9C99-ED04B80B7C20}"
EndProject
Project("{2150E333-8FDC-42A3-9474-1A3956D46DE8}") = "Solution Items", "Solution Items", "{AFF380BF-EE87-4F4C-A22C-E82C636E8F62}"
	ProjectSection(SolutionItems) = preProject
		.gitignore = .gitignore
		Directory.Build.props = Directory.Build.props
		README.md = README.md
	EndProjectSection
EndProject
Project("{9A19103F-16F7-4668-BE54-9A1E7A4F7556}") = "Skeleton.Email", "Skeleton.Email\Skeleton.Email.csproj", "{C56EEE82-F437-4CD1-8EFC-AC7E64B597B0}"
EndProject
Project("{FAE04EC0-301F-11D3-BF4B-00C04F79EFBC}") = "Skeleton.Identity", "Skeleton.Identity\Skeleton.Identity.csproj", "{451CD373-4AD5-192E-4EA4-EA5F15DB4DDD}"
EndProject
Project("{FAE04EC0-301F-11D3-BF4B-00C04F79EFBC}") = "Skeleton.EntityFrameworkCore.PostgreSQL", "Skeleton.EntityFrameworkCore.PostgreSQL\Skeleton.EntityFrameworkCore.PostgreSQL.csproj", "{8D6EF61B-F0DA-86B9-E8E2-26F992306418}"
EndProject
Project("{FAE04EC0-301F-11D3-BF4B-00C04F79EFBC}") = "Skeleton.EntityFrameworkCore.SqlServer", "Skeleton.EntityFrameworkCore.SqlServer\Skeleton.EntityFrameworkCore.SqlServer.csproj", "{C54CFF06-7E76-38AD-0270-58223B28D1BB}"
EndProject
Project("{FAE04EC0-301F-11D3-BF4B-00C04F79EFBC}") = "Skeleton.EntityFrameworkCore", "Skeleton.EntityFrameworkCore\Skeleton.EntityFrameworkCore.csproj", "{B8EB9F80-A27D-DBC7-9EC2-4FD49F79EEC9}"
EndProject
Project("{2150E333-8FDC-42A3-9474-1A3956D46DE8}") = "Database", "Database", "{02EA681E-C7D8-13C7-8484-4AC65E1B71E8}"
EndProject
Project("{FAE04EC0-301F-11D3-BF4B-00C04F79EFBC}") = "Skeleton.SimpleJwt", "Skeleton.SimpleJwt\Skeleton.SimpleJwt.csproj", "{6A7328AD-20E4-1B00-76FB-928B2B73F3BB}"
EndProject
Global
	GlobalSection(SolutionConfigurationPlatforms) = preSolution
		Debug|Any CPU = Debug|Any CPU
		Release|Any CPU = Release|Any CPU
	EndGlobalSection
	GlobalSection(ProjectConfigurationPlatforms) = postSolution
		{BE612F4B-E770-47A9-B493-0AB01544EADD}.Debug|Any CPU.ActiveCfg = Debug|Any CPU
		{BE612F4B-E770-47A9-B493-0AB01544EADD}.Debug|Any CPU.Build.0 = Debug|Any CPU
		{BE612F4B-E770-47A9-B493-0AB01544EADD}.Release|Any CPU.ActiveCfg = Release|Any CPU
		{BE612F4B-E770-47A9-B493-0AB01544EADD}.Release|Any CPU.Build.0 = Release|Any CPU
		{C53EEBA8-3AAE-4FFD-8DB6-C8F5B041AD35}.Debug|Any CPU.ActiveCfg = Debug|Any CPU
		{C53EEBA8-3AAE-4FFD-8DB6-C8F5B041AD35}.Debug|Any CPU.Build.0 = Debug|Any CPU
		{C53EEBA8-3AAE-4FFD-8DB6-C8F5B041AD35}.Release|Any CPU.ActiveCfg = Release|Any CPU
		{C53EEBA8-3AAE-4FFD-8DB6-C8F5B041AD35}.Release|Any CPU.Build.0 = Release|Any CPU
		{963E0F0E-02F1-42EE-8A3A-509E8B46A72B}.Debug|Any CPU.ActiveCfg = Debug|Any CPU
		{963E0F0E-02F1-42EE-8A3A-509E8B46A72B}.Debug|Any CPU.Build.0 = Debug|Any CPU
		{963E0F0E-02F1-42EE-8A3A-509E8B46A72B}.Release|Any CPU.ActiveCfg = Release|Any CPU
		{963E0F0E-02F1-42EE-8A3A-509E8B46A72B}.Release|Any CPU.Build.0 = Release|Any CPU
		{05791D6F-79FD-4F43-9C99-ED04B80B7C20}.Debug|Any CPU.ActiveCfg = Debug|Any CPU
		{05791D6F-79FD-4F43-9C99-ED04B80B7C20}.Debug|Any CPU.Build.0 = Debug|Any CPU
		{05791D6F-79FD-4F43-9C99-ED04B80B7C20}.Release|Any CPU.ActiveCfg = Release|Any CPU
		{05791D6F-79FD-4F43-9C99-ED04B80B7C20}.Release|Any CPU.Build.0 = Release|Any CPU
		{C56EEE82-F437-4CD1-8EFC-AC7E64B597B0}.Debug|Any CPU.ActiveCfg = Debug|Any CPU
		{C56EEE82-F437-4CD1-8EFC-AC7E64B597B0}.Debug|Any CPU.Build.0 = Debug|Any CPU
		{C56EEE82-F437-4CD1-8EFC-AC7E64B597B0}.Release|Any CPU.ActiveCfg = Release|Any CPU
		{C56EEE82-F437-4CD1-8EFC-AC7E64B597B0}.Release|Any CPU.Build.0 = Release|Any CPU
		{451CD373-4AD5-192E-4EA4-EA5F15DB4DDD}.Debug|Any CPU.ActiveCfg = Debug|Any CPU
		{451CD373-4AD5-192E-4EA4-EA5F15DB4DDD}.Debug|Any CPU.Build.0 = Debug|Any CPU
		{451CD373-4AD5-192E-4EA4-EA5F15DB4DDD}.Release|Any CPU.ActiveCfg = Release|Any CPU
		{451CD373-4AD5-192E-4EA4-EA5F15DB4DDD}.Release|Any CPU.Build.0 = Release|Any CPU
		{8D6EF61B-F0DA-86B9-E8E2-26F992306418}.Debug|Any CPU.ActiveCfg = Debug|Any CPU
		{8D6EF61B-F0DA-86B9-E8E2-26F992306418}.Debug|Any CPU.Build.0 = Debug|Any CPU
		{8D6EF61B-F0DA-86B9-E8E2-26F992306418}.Release|Any CPU.ActiveCfg = Release|Any CPU
		{8D6EF61B-F0DA-86B9-E8E2-26F992306418}.Release|Any CPU.Build.0 = Release|Any CPU
		{C54CFF06-7E76-38AD-0270-58223B28D1BB}.Debug|Any CPU.ActiveCfg = Debug|Any CPU
		{C54CFF06-7E76-38AD-0270-58223B28D1BB}.Debug|Any CPU.Build.0 = Debug|Any CPU
		{C54CFF06-7E76-38AD-0270-58223B28D1BB}.Release|Any CPU.ActiveCfg = Release|Any CPU
		{C54CFF06-7E76-38AD-0270-58223B28D1BB}.Release|Any CPU.Build.0 = Release|Any CPU
		{B8EB9F80-A27D-DBC7-9EC2-4FD49F79EEC9}.Debug|Any CPU.ActiveCfg = Debug|Any CPU
		{B8EB9F80-A27D-DBC7-9EC2-4FD49F79EEC9}.Debug|Any CPU.Build.0 = Debug|Any CPU
		{B8EB9F80-A27D-DBC7-9EC2-4FD49F79EEC9}.Release|Any CPU.ActiveCfg = Release|Any CPU
		{B8EB9F80-A27D-DBC7-9EC2-4FD49F79EEC9}.Release|Any CPU.Build.0 = Release|Any CPU
		{6A7328AD-20E4-1B00-76FB-928B2B73F3BB}.Debug|Any CPU.ActiveCfg = Debug|Any CPU
		{6A7328AD-20E4-1B00-76FB-928B2B73F3BB}.Debug|Any CPU.Build.0 = Debug|Any CPU
		{6A7328AD-20E4-1B00-76FB-928B2B73F3BB}.Release|Any CPU.ActiveCfg = Release|Any CPU
		{6A7328AD-20E4-1B00-76FB-928B2B73F3BB}.Release|Any CPU.Build.0 = Release|Any CPU
	EndGlobalSection
	GlobalSection(SolutionProperties) = preSolution
		HideSolutionNode = FALSE
	EndGlobalSection
	GlobalSection(NestedProjects) = preSolution
		{C53EEBA8-3AAE-4FFD-8DB6-C8F5B041AD35} = {02EA681E-C7D8-13C7-8484-4AC65E1B71E8}
		{451CD373-4AD5-192E-4EA4-EA5F15DB4DDD} = {02EA681E-C7D8-13C7-8484-4AC65E1B71E8}
		{8D6EF61B-F0DA-86B9-E8E2-26F992306418} = {02EA681E-C7D8-13C7-8484-4AC65E1B71E8}
		{C54CFF06-7E76-38AD-0270-58223B28D1BB} = {02EA681E-C7D8-13C7-8484-4AC65E1B71E8}
		{B8EB9F80-A27D-DBC7-9EC2-4FD49F79EEC9} = {02EA681E-C7D8-13C7-8484-4AC65E1B71E8}
	EndGlobalSection
	GlobalSection(ExtensibilityGlobals) = postSolution
		SolutionGuid = {F7111367-EC42-489E-97FE-FD7E50594D81}
	EndGlobalSection
EndGlobal
